// !$*UTF8*$!
{
	archiveVersion = 1;
	classes = {
	};
	objectVersion = 50;
	objects = {

/* Begin PBXBuildFile section */
		902D844820729F3700703D2C /* CoreDataService.swift in Sources */ = {isa = PBXBuildFile; fileRef = 902D844720729F3700703D2C /* CoreDataService.swift */; };
		904A835E2070624E00656770 /* AddToPlaylistVC.swift in Sources */ = {isa = PBXBuildFile; fileRef = 904A835C2070624E00656770 /* AddToPlaylistVC.swift */; };
		904A837F207067B600656770 /* AsyncButton.swift in Sources */ = {isa = PBXBuildFile; fileRef = 904A8361207067B500656770 /* AsyncButton.swift */; };
		904A8380207067B600656770 /* AsyncImageView.swift in Sources */ = {isa = PBXBuildFile; fileRef = 904A8362207067B500656770 /* AsyncImageView.swift */; };
		904A8381207067B600656770 /* AutoTextView.swift in Sources */ = {isa = PBXBuildFile; fileRef = 904A8363207067B500656770 /* AutoTextView.swift */; };
		904A8382207067B600656770 /* BlurView.swift in Sources */ = {isa = PBXBuildFile; fileRef = 904A8364207067B500656770 /* BlurView.swift */; };
		904A8383207067B600656770 /* DesignableButton.swift in Sources */ = {isa = PBXBuildFile; fileRef = 904A8365207067B500656770 /* DesignableButton.swift */; };
		904A8384207067B600656770 /* DesignableImageView.swift in Sources */ = {isa = PBXBuildFile; fileRef = 904A8366207067B500656770 /* DesignableImageView.swift */; };
		904A8385207067B600656770 /* DesignableLabel.swift in Sources */ = {isa = PBXBuildFile; fileRef = 904A8367207067B500656770 /* DesignableLabel.swift */; };
		904A8386207067B600656770 /* DesignableTabBarController.swift in Sources */ = {isa = PBXBuildFile; fileRef = 904A8368207067B500656770 /* DesignableTabBarController.swift */; };
		904A8387207067B600656770 /* DesignableTextField.swift in Sources */ = {isa = PBXBuildFile; fileRef = 904A8369207067B500656770 /* DesignableTextField.swift */; };
		904A8388207067B600656770 /* DesignableTextView.swift in Sources */ = {isa = PBXBuildFile; fileRef = 904A836A207067B500656770 /* DesignableTextView.swift */; };
		904A8389207067B600656770 /* DesignableView.swift in Sources */ = {isa = PBXBuildFile; fileRef = 904A836B207067B500656770 /* DesignableView.swift */; };
		904A838A207067B600656770 /* ImageLoader.swift in Sources */ = {isa = PBXBuildFile; fileRef = 904A836C207067B500656770 /* ImageLoader.swift */; };
		904A838B207067B600656770 /* Info.plist in Resources */ = {isa = PBXBuildFile; fileRef = 904A836D207067B500656770 /* Info.plist */; };
		904A838C207067B600656770 /* KeyboardLayoutConstraint.swift in Sources */ = {isa = PBXBuildFile; fileRef = 904A836E207067B500656770 /* KeyboardLayoutConstraint.swift */; };
		904A838D207067B600656770 /* LoadingView.swift in Sources */ = {isa = PBXBuildFile; fileRef = 904A836F207067B500656770 /* LoadingView.swift */; };
		904A838E207067B600656770 /* LoadingView.xib in Resources */ = {isa = PBXBuildFile; fileRef = 904A8370207067B500656770 /* LoadingView.xib */; };
		904A838F207067B600656770 /* Misc.swift in Sources */ = {isa = PBXBuildFile; fileRef = 904A8371207067B500656770 /* Misc.swift */; };
		904A8390207067B600656770 /* SoundPlayer.swift in Sources */ = {isa = PBXBuildFile; fileRef = 904A8372207067B500656770 /* SoundPlayer.swift */; };
		904A8391207067B600656770 /* Spring.swift in Sources */ = {isa = PBXBuildFile; fileRef = 904A8374207067B500656770 /* Spring.swift */; };
		904A8392207067B600656770 /* SpringAnimation.swift in Sources */ = {isa = PBXBuildFile; fileRef = 904A8375207067B500656770 /* SpringAnimation.swift */; };
		904A8393207067B600656770 /* SpringButton.swift in Sources */ = {isa = PBXBuildFile; fileRef = 904A8376207067B500656770 /* SpringButton.swift */; };
		904A8394207067B600656770 /* SpringImageView.swift in Sources */ = {isa = PBXBuildFile; fileRef = 904A8377207067B500656770 /* SpringImageView.swift */; };
		904A8395207067B600656770 /* SpringLabel.swift in Sources */ = {isa = PBXBuildFile; fileRef = 904A8378207067B500656770 /* SpringLabel.swift */; };
		904A8396207067B600656770 /* SpringTextField.swift in Sources */ = {isa = PBXBuildFile; fileRef = 904A8379207067B500656770 /* SpringTextField.swift */; };
		904A8397207067B600656770 /* SpringTextView.swift in Sources */ = {isa = PBXBuildFile; fileRef = 904A837A207067B500656770 /* SpringTextView.swift */; };
		904A8398207067B600656770 /* SpringView.swift in Sources */ = {isa = PBXBuildFile; fileRef = 904A837B207067B500656770 /* SpringView.swift */; };
		904A8399207067B600656770 /* TransitionManager.swift in Sources */ = {isa = PBXBuildFile; fileRef = 904A837C207067B500656770 /* TransitionManager.swift */; };
		904A839A207067B600656770 /* TransitionZoom.swift in Sources */ = {isa = PBXBuildFile; fileRef = 904A837D207067B500656770 /* TransitionZoom.swift */; };
		904A839B207067B600656770 /* UnwindSegue.swift in Sources */ = {isa = PBXBuildFile; fileRef = 904A837E207067B500656770 /* UnwindSegue.swift */; };
		90B5F38C206A934F00CD065E /* AppDelegate.swift in Sources */ = {isa = PBXBuildFile; fileRef = 90B5F38B206A934F00CD065E /* AppDelegate.swift */; };
		90B5F38E206A934F00CD065E /* HomeVC.swift in Sources */ = {isa = PBXBuildFile; fileRef = 90B5F38D206A934F00CD065E /* HomeVC.swift */; };
		90B5F391206A934F00CD065E /* Main.storyboard in Resources */ = {isa = PBXBuildFile; fileRef = 90B5F38F206A934F00CD065E /* Main.storyboard */; };
		90B5F393206A936000CD065E /* Assets.xcassets in Resources */ = {isa = PBXBuildFile; fileRef = 90B5F392206A936000CD065E /* Assets.xcassets */; };
		90B5F396206A936000CD065E /* LaunchScreen.storyboard in Resources */ = {isa = PBXBuildFile; fileRef = 90B5F394206A936000CD065E /* LaunchScreen.storyboard */; };
		90B5F3A1206ABCC500CD065E /* TrackCell.swift in Sources */ = {isa = PBXBuildFile; fileRef = 90B5F3A0206ABCC500CD065E /* TrackCell.swift */; };
		90B5F3A4206AC2E400CD065E /* Constants.swift in Sources */ = {isa = PBXBuildFile; fileRef = 90B5F3A3206AC2E400CD065E /* Constants.swift */; };
		90BD9B2A2071C80F00B566D0 /* PlaylistCell.swift in Sources */ = {isa = PBXBuildFile; fileRef = 90BD9B292071C80F00B566D0 /* PlaylistCell.swift */; };
		90BD9B2C2071D4E500B566D0 /* PlaylistCVCell.swift in Sources */ = {isa = PBXBuildFile; fileRef = 90BD9B2B2071D4E500B566D0 /* PlaylistCVCell.swift */; };
		90C3CD352072E95600C39DE3 /* IAPHandler.swift in Sources */ = {isa = PBXBuildFile; fileRef = 90C3CD342072E95600C39DE3 /* IAPHandler.swift */; };
		90D85C43206C73060097E018 /* AnimationFrames.swift in Sources */ = {isa = PBXBuildFile; fileRef = 90D85C42206C73060097E018 /* AnimationFrames.swift */; };
		90D85C46206C88BA0097E018 /* model.xcdatamodeld in Sources */ = {isa = PBXBuildFile; fileRef = 90D85C44206C88BA0097E018 /* model.xcdatamodeld */; };
		90F334A42071868A00835F2E /* DataService.swift in Sources */ = {isa = PBXBuildFile; fileRef = 90F334A32071868A00835F2E /* DataService.swift */; };
		90F3B62A206B1643009CC4E2 /* Songs.json in Resources */ = {isa = PBXBuildFile; fileRef = 90F3B629206B1643009CC4E2 /* Songs.json */; };
		90F3B62C206B1712009CC4E2 /* Track.swift in Sources */ = {isa = PBXBuildFile; fileRef = 90F3B62B206B1712009CC4E2 /* Track.swift */; };
		90F3B62E206B1F35009CC4E2 /* Songs.swift in Sources */ = {isa = PBXBuildFile; fileRef = 90F3B62D206B1F35009CC4E2 /* Songs.swift */; };
/* End PBXBuildFile section */

/* Begin PBXFileReference section */
		902D844720729F3700703D2C /* CoreDataService.swift */ = {isa = PBXFileReference; lastKnownFileType = sourcecode.swift; path = CoreDataService.swift; sourceTree = "<group>"; };
		904A835C2070624E00656770 /* AddToPlaylistVC.swift */ = {isa = PBXFileReference; lastKnownFileType = sourcecode.swift; path = AddToPlaylistVC.swift; sourceTree = "<group>"; };
		904A8361207067B500656770 /* AsyncButton.swift */ = {isa = PBXFileReference; fileEncoding = 4; lastKnownFileType = sourcecode.swift; path = AsyncButton.swift; sourceTree = "<group>"; };
		904A8362207067B500656770 /* AsyncImageView.swift */ = {isa = PBXFileReference; fileEncoding = 4; lastKnownFileType = sourcecode.swift; path = AsyncImageView.swift; sourceTree = "<group>"; };
		904A8363207067B500656770 /* AutoTextView.swift */ = {isa = PBXFileReference; fileEncoding = 4; lastKnownFileType = sourcecode.swift; path = AutoTextView.swift; sourceTree = "<group>"; };
		904A8364207067B500656770 /* BlurView.swift */ = {isa = PBXFileReference; fileEncoding = 4; lastKnownFileType = sourcecode.swift; path = BlurView.swift; sourceTree = "<group>"; };
		904A8365207067B500656770 /* DesignableButton.swift */ = {isa = PBXFileReference; fileEncoding = 4; lastKnownFileType = sourcecode.swift; path = DesignableButton.swift; sourceTree = "<group>"; };
		904A8366207067B500656770 /* DesignableImageView.swift */ = {isa = PBXFileReference; fileEncoding = 4; lastKnownFileType = sourcecode.swift; path = DesignableImageView.swift; sourceTree = "<group>"; };
		904A8367207067B500656770 /* DesignableLabel.swift */ = {isa = PBXFileReference; fileEncoding = 4; lastKnownFileType = sourcecode.swift; path = DesignableLabel.swift; sourceTree = "<group>"; };
		904A8368207067B500656770 /* DesignableTabBarController.swift */ = {isa = PBXFileReference; fileEncoding = 4; lastKnownFileType = sourcecode.swift; path = DesignableTabBarController.swift; sourceTree = "<group>"; };
		904A8369207067B500656770 /* DesignableTextField.swift */ = {isa = PBXFileReference; fileEncoding = 4; lastKnownFileType = sourcecode.swift; path = DesignableTextField.swift; sourceTree = "<group>"; };
		904A836A207067B500656770 /* DesignableTextView.swift */ = {isa = PBXFileReference; fileEncoding = 4; lastKnownFileType = sourcecode.swift; path = DesignableTextView.swift; sourceTree = "<group>"; };
		904A836B207067B500656770 /* DesignableView.swift */ = {isa = PBXFileReference; fileEncoding = 4; lastKnownFileType = sourcecode.swift; path = DesignableView.swift; sourceTree = "<group>"; };
		904A836C207067B500656770 /* ImageLoader.swift */ = {isa = PBXFileReference; fileEncoding = 4; lastKnownFileType = sourcecode.swift; path = ImageLoader.swift; sourceTree = "<group>"; };
		904A836D207067B500656770 /* Info.plist */ = {isa = PBXFileReference; fileEncoding = 4; lastKnownFileType = text.plist.xml; path = Info.plist; sourceTree = "<group>"; };
		904A836E207067B500656770 /* KeyboardLayoutConstraint.swift */ = {isa = PBXFileReference; fileEncoding = 4; lastKnownFileType = sourcecode.swift; path = KeyboardLayoutConstraint.swift; sourceTree = "<group>"; };
		904A836F207067B500656770 /* LoadingView.swift */ = {isa = PBXFileReference; fileEncoding = 4; lastKnownFileType = sourcecode.swift; path = LoadingView.swift; sourceTree = "<group>"; };
		904A8370207067B500656770 /* LoadingView.xib */ = {isa = PBXFileReference; fileEncoding = 4; lastKnownFileType = file.xib; path = LoadingView.xib; sourceTree = "<group>"; };
		904A8371207067B500656770 /* Misc.swift */ = {isa = PBXFileReference; fileEncoding = 4; lastKnownFileType = sourcecode.swift; path = Misc.swift; sourceTree = "<group>"; };
		904A8372207067B500656770 /* SoundPlayer.swift */ = {isa = PBXFileReference; fileEncoding = 4; lastKnownFileType = sourcecode.swift; path = SoundPlayer.swift; sourceTree = "<group>"; };
		904A8373207067B500656770 /* Spring.h */ = {isa = PBXFileReference; fileEncoding = 4; lastKnownFileType = sourcecode.c.h; path = Spring.h; sourceTree = "<group>"; };
		904A8374207067B500656770 /* Spring.swift */ = {isa = PBXFileReference; fileEncoding = 4; lastKnownFileType = sourcecode.swift; path = Spring.swift; sourceTree = "<group>"; };
		904A8375207067B500656770 /* SpringAnimation.swift */ = {isa = PBXFileReference; fileEncoding = 4; lastKnownFileType = sourcecode.swift; path = SpringAnimation.swift; sourceTree = "<group>"; };
		904A8376207067B500656770 /* SpringButton.swift */ = {isa = PBXFileReference; fileEncoding = 4; lastKnownFileType = sourcecode.swift; path = SpringButton.swift; sourceTree = "<group>"; };
		904A8377207067B500656770 /* SpringImageView.swift */ = {isa = PBXFileReference; fileEncoding = 4; lastKnownFileType = sourcecode.swift; path = SpringImageView.swift; sourceTree = "<group>"; };
		904A8378207067B500656770 /* SpringLabel.swift */ = {isa = PBXFileReference; fileEncoding = 4; lastKnownFileType = sourcecode.swift; path = SpringLabel.swift; sourceTree = "<group>"; };
		904A8379207067B500656770 /* SpringTextField.swift */ = {isa = PBXFileReference; fileEncoding = 4; lastKnownFileType = sourcecode.swift; path = SpringTextField.swift; sourceTree = "<group>"; };
		904A837A207067B500656770 /* SpringTextView.swift */ = {isa = PBXFileReference; fileEncoding = 4; lastKnownFileType = sourcecode.swift; path = SpringTextView.swift; sourceTree = "<group>"; };
		904A837B207067B500656770 /* SpringView.swift */ = {isa = PBXFileReference; fileEncoding = 4; lastKnownFileType = sourcecode.swift; path = SpringView.swift; sourceTree = "<group>"; };
		904A837C207067B500656770 /* TransitionManager.swift */ = {isa = PBXFileReference; fileEncoding = 4; lastKnownFileType = sourcecode.swift; path = TransitionManager.swift; sourceTree = "<group>"; };
		904A837D207067B500656770 /* TransitionZoom.swift */ = {isa = PBXFileReference; fileEncoding = 4; lastKnownFileType = sourcecode.swift; path = TransitionZoom.swift; sourceTree = "<group>"; };
		904A837E207067B500656770 /* UnwindSegue.swift */ = {isa = PBXFileReference; fileEncoding = 4; lastKnownFileType = sourcecode.swift; path = UnwindSegue.swift; sourceTree = "<group>"; };
		90B5F388206A934F00CD065E /* StreamApp.app */ = {isa = PBXFileReference; explicitFileType = wrapper.application; includeInIndex = 0; path = StreamApp.app; sourceTree = BUILT_PRODUCTS_DIR; };
		90B5F38B206A934F00CD065E /* AppDelegate.swift */ = {isa = PBXFileReference; lastKnownFileType = sourcecode.swift; path = AppDelegate.swift; sourceTree = "<group>"; };
		90B5F38D206A934F00CD065E /* HomeVC.swift */ = {isa = PBXFileReference; lastKnownFileType = sourcecode.swift; path = HomeVC.swift; sourceTree = "<group>"; };
		90B5F390206A934F00CD065E /* Base */ = {isa = PBXFileReference; lastKnownFileType = file.storyboard; name = Base; path = Base.lproj/Main.storyboard; sourceTree = "<group>"; };
		90B5F392206A936000CD065E /* Assets.xcassets */ = {isa = PBXFileReference; lastKnownFileType = folder.assetcatalog; path = Assets.xcassets; sourceTree = "<group>"; };
		90B5F395206A936000CD065E /* Base */ = {isa = PBXFileReference; lastKnownFileType = file.storyboard; name = Base; path = Base.lproj/LaunchScreen.storyboard; sourceTree = "<group>"; };
		90B5F397206A936000CD065E /* Info.plist */ = {isa = PBXFileReference; lastKnownFileType = text.plist.xml; path = Info.plist; sourceTree = "<group>"; };
		90B5F3A0206ABCC500CD065E /* TrackCell.swift */ = {isa = PBXFileReference; lastKnownFileType = sourcecode.swift; path = TrackCell.swift; sourceTree = "<group>"; };
		90B5F3A3206AC2E400CD065E /* Constants.swift */ = {isa = PBXFileReference; lastKnownFileType = sourcecode.swift; path = Constants.swift; sourceTree = "<group>"; };
		90BD9B292071C80F00B566D0 /* PlaylistCell.swift */ = {isa = PBXFileReference; lastKnownFileType = sourcecode.swift; path = PlaylistCell.swift; sourceTree = "<group>"; };
		90BD9B2B2071D4E500B566D0 /* PlaylistCVCell.swift */ = {isa = PBXFileReference; lastKnownFileType = sourcecode.swift; path = PlaylistCVCell.swift; sourceTree = "<group>"; };
		90C3CD342072E95600C39DE3 /* IAPHandler.swift */ = {isa = PBXFileReference; lastKnownFileType = sourcecode.swift; path = IAPHandler.swift; sourceTree = "<group>"; };
		90D85C42206C73060097E018 /* AnimationFrames.swift */ = {isa = PBXFileReference; fileEncoding = 4; lastKnownFileType = sourcecode.swift; path = AnimationFrames.swift; sourceTree = "<group>"; };
		90D85C45206C88BA0097E018 /* goalpost_app.xcdatamodel */ = {isa = PBXFileReference; lastKnownFileType = wrapper.xcdatamodel; path = goalpost_app.xcdatamodel; sourceTree = "<group>"; };
		90F334A32071868A00835F2E /* DataService.swift */ = {isa = PBXFileReference; lastKnownFileType = sourcecode.swift; path = DataService.swift; sourceTree = "<group>"; };
		90F3B629206B1643009CC4E2 /* Songs.json */ = {isa = PBXFileReference; fileEncoding = 4; lastKnownFileType = text.json; path = Songs.json; sourceTree = "<group>"; };
		90F3B62B206B1712009CC4E2 /* Track.swift */ = {isa = PBXFileReference; lastKnownFileType = sourcecode.swift; path = Track.swift; sourceTree = "<group>"; };
		90F3B62D206B1F35009CC4E2 /* Songs.swift */ = {isa = PBXFileReference; lastKnownFileType = sourcecode.swift; path = Songs.swift; sourceTree = "<group>"; };
/* End PBXFileReference section */

/* Begin PBXFrameworksBuildPhase section */
		90B5F385206A934F00CD065E /* Frameworks */ = {
			isa = PBXFrameworksBuildPhase;
			buildActionMask = 2147483647;
			files = (
			);
			runOnlyForDeploymentPostprocessing = 0;
		};
/* End PBXFrameworksBuildPhase section */

/* Begin PBXGroup section */
		904A8360207067B500656770 /* Spring */ = {
			isa = PBXGroup;
			children = (
				904A8361207067B500656770 /* AsyncButton.swift */,
				904A8362207067B500656770 /* AsyncImageView.swift */,
				904A8363207067B500656770 /* AutoTextView.swift */,
				904A8364207067B500656770 /* BlurView.swift */,
				904A8365207067B500656770 /* DesignableButton.swift */,
				904A8366207067B500656770 /* DesignableImageView.swift */,
				904A8367207067B500656770 /* DesignableLabel.swift */,
				904A8368207067B500656770 /* DesignableTabBarController.swift */,
				904A8369207067B500656770 /* DesignableTextField.swift */,
				904A836A207067B500656770 /* DesignableTextView.swift */,
				904A836B207067B500656770 /* DesignableView.swift */,
				904A836C207067B500656770 /* ImageLoader.swift */,
				904A836D207067B500656770 /* Info.plist */,
				904A836E207067B500656770 /* KeyboardLayoutConstraint.swift */,
				904A836F207067B500656770 /* LoadingView.swift */,
				904A8370207067B500656770 /* LoadingView.xib */,
				904A8371207067B500656770 /* Misc.swift */,
				904A8372207067B500656770 /* SoundPlayer.swift */,
				904A8373207067B500656770 /* Spring.h */,
				904A8374207067B500656770 /* Spring.swift */,
				904A8375207067B500656770 /* SpringAnimation.swift */,
				904A8376207067B500656770 /* SpringButton.swift */,
				904A8377207067B500656770 /* SpringImageView.swift */,
				904A8378207067B500656770 /* SpringLabel.swift */,
				904A8379207067B500656770 /* SpringTextField.swift */,
				904A837A207067B500656770 /* SpringTextView.swift */,
				904A837B207067B500656770 /* SpringView.swift */,
				904A837C207067B500656770 /* TransitionManager.swift */,
				904A837D207067B500656770 /* TransitionZoom.swift */,
				904A837E207067B500656770 /* UnwindSegue.swift */,
			);
			path = Spring;
			sourceTree = "<group>";
		};
		90B5F37F206A934E00CD065E = {
			isa = PBXGroup;
			children = (
				90B5F38A206A934F00CD065E /* StreamApp */,
				90B5F389206A934F00CD065E /* Products */,
			);
			sourceTree = "<group>";
		};
		90B5F389206A934F00CD065E /* Products */ = {
			isa = PBXGroup;
			children = (
				90B5F388206A934F00CD065E /* StreamApp.app */,
			);
			name = Products;
			sourceTree = "<group>";
		};
		90B5F38A206A934F00CD065E /* StreamApp */ = {
			isa = PBXGroup;
			children = (
				90C3CD332072E92200C39DE3 /* InAppPurchase */,
				90F334A22071865300835F2E /* Services */,
				904A8360207067B500656770 /* Spring */,
				90F3B628206B1609009CC4E2 /* Data */,
				90B5F3A2206AC2C900CD065E /* Utilities */,
				90B5F39F206AA27100CD065E /* Model */,
				90B5F39E206AA26800CD065E /* View */,
				90B5F39D206AA25900CD065E /* Controller */,
				90B5F38B206A934F00CD065E /* AppDelegate.swift */,
				90B5F38F206A934F00CD065E /* Main.storyboard */,
				90B5F392206A936000CD065E /* Assets.xcassets */,
				90B5F394206A936000CD065E /* LaunchScreen.storyboard */,
				90B5F397206A936000CD065E /* Info.plist */,
			);
			path = StreamApp;
			sourceTree = "<group>";
		};
		90B5F39D206AA25900CD065E /* Controller */ = {
			isa = PBXGroup;
			children = (
				904A835C2070624E00656770 /* AddToPlaylistVC.swift */,
				90B5F38D206A934F00CD065E /* HomeVC.swift */,
			);
			path = Controller;
			sourceTree = "<group>";
		};
		90B5F39E206AA26800CD065E /* View */ = {
			isa = PBXGroup;
			children = (
				90B5F3A0206ABCC500CD065E /* TrackCell.swift */,
				90D85C42206C73060097E018 /* AnimationFrames.swift */,
				90BD9B292071C80F00B566D0 /* PlaylistCell.swift */,
				90BD9B2B2071D4E500B566D0 /* PlaylistCVCell.swift */,
			);
			path = View;
			sourceTree = "<group>";
		};
		90B5F39F206AA27100CD065E /* Model */ = {
			isa = PBXGroup;
			children = (
				90D85C44206C88BA0097E018 /* model.xcdatamodeld */,
				90F3B62B206B1712009CC4E2 /* Track.swift */,
				90F3B62D206B1F35009CC4E2 /* Songs.swift */,
			);
			path = Model;
			sourceTree = "<group>";
		};
		90B5F3A2206AC2C900CD065E /* Utilities */ = {
			isa = PBXGroup;
			children = (
				90B5F3A3206AC2E400CD065E /* Constants.swift */,
			);
			path = Utilities;
			sourceTree = "<group>";
		};
		90C3CD332072E92200C39DE3 /* InAppPurchase */ = {
			isa = PBXGroup;
			children = (
				90C3CD342072E95600C39DE3 /* IAPHandler.swift */,
			);
			path = InAppPurchase;
			sourceTree = "<group>";
		};
		90F334A22071865300835F2E /* Services */ = {
			isa = PBXGroup;
			children = (
				90F334A32071868A00835F2E /* DataService.swift */,
				902D844720729F3700703D2C /* CoreDataService.swift */,
			);
			path = Services;
			sourceTree = "<group>";
		};
		90F3B628206B1609009CC4E2 /* Data */ = {
			isa = PBXGroup;
			children = (
				90F3B629206B1643009CC4E2 /* Songs.json */,
			);
			path = Data;
			sourceTree = "<group>";
		};
/* End PBXGroup section */

/* Begin PBXNativeTarget section */
		90B5F387206A934F00CD065E /* StreamApp */ = {
			isa = PBXNativeTarget;
			buildConfigurationList = 90B5F39A206A936000CD065E /* Build configuration list for PBXNativeTarget "StreamApp" */;
			buildPhases = (
				90B5F384206A934F00CD065E /* Sources */,
				90B5F385206A934F00CD065E /* Frameworks */,
				90B5F386206A934F00CD065E /* Resources */,
			);
			buildRules = (
			);
			dependencies = (
			);
			name = StreamApp;
			productName = StreamApp;
			productReference = 90B5F388206A934F00CD065E /* StreamApp.app */;
			productType = "com.apple.product-type.application";
		};
/* End PBXNativeTarget section */

/* Begin PBXProject section */
		90B5F380206A934E00CD065E /* Project object */ = {
			isa = PBXProject;
			attributes = {
				LastSwiftUpdateCheck = 0930;
				LastUpgradeCheck = 0930;
				ORGANIZATIONNAME = "Soufiane Salouf";
				TargetAttributes = {
					90B5F387206A934F00CD065E = {
						CreatedOnToolsVersion = 9.3;
					};
				};
			};
			buildConfigurationList = 90B5F383206A934E00CD065E /* Build configuration list for PBXProject "StreamApp" */;
			compatibilityVersion = "Xcode 9.3";
			developmentRegion = en;
			hasScannedForEncodings = 0;
			knownRegions = (
				en,
				Base,
			);
			mainGroup = 90B5F37F206A934E00CD065E;
			productRefGroup = 90B5F389206A934F00CD065E /* Products */;
			projectDirPath = "";
			projectRoot = "";
			targets = (
				90B5F387206A934F00CD065E /* StreamApp */,
			);
		};
/* End PBXProject section */

/* Begin PBXResourcesBuildPhase section */
		90B5F386206A934F00CD065E /* Resources */ = {
			isa = PBXResourcesBuildPhase;
			buildActionMask = 2147483647;
			files = (
				90F3B62A206B1643009CC4E2 /* Songs.json in Resources */,
				904A838B207067B600656770 /* Info.plist in Resources */,
				90B5F396206A936000CD065E /* LaunchScreen.storyboard in Resources */,
				904A838E207067B600656770 /* LoadingView.xib in Resources */,
				90B5F393206A936000CD065E /* Assets.xcassets in Resources */,
				90B5F391206A934F00CD065E /* Main.storyboard in Resources */,
			);
			runOnlyForDeploymentPostprocessing = 0;
		};
/* End PBXResourcesBuildPhase section */

/* Begin PBXSourcesBuildPhase section */
		90B5F384206A934F00CD065E /* Sources */ = {
			isa = PBXSourcesBuildPhase;
			buildActionMask = 2147483647;
			files = (
				904A8393207067B600656770 /* SpringButton.swift in Sources */,
				904A8390207067B600656770 /* SoundPlayer.swift in Sources */,
				904A8397207067B600656770 /* SpringTextView.swift in Sources */,
				904A835E2070624E00656770 /* AddToPlaylistVC.swift in Sources */,
				904A8387207067B600656770 /* DesignableTextField.swift in Sources */,
				904A8388207067B600656770 /* DesignableTextView.swift in Sources */,
				904A839A207067B600656770 /* TransitionZoom.swift in Sources */,
				90BD9B2A2071C80F00B566D0 /* PlaylistCell.swift in Sources */,
				904A8396207067B600656770 /* SpringTextField.swift in Sources */,
				904A8384207067B600656770 /* DesignableImageView.swift in Sources */,
				90F3B62E206B1F35009CC4E2 /* Songs.swift in Sources */,
				90B5F38E206A934F00CD065E /* HomeVC.swift in Sources */,
				902D844820729F3700703D2C /* CoreDataService.swift in Sources */,
				90D85C46206C88BA0097E018 /* model.xcdatamodeld in Sources */,
				90D85C43206C73060097E018 /* AnimationFrames.swift in Sources */,
				904A8389207067B600656770 /* DesignableView.swift in Sources */,
				90C3CD352072E95600C39DE3 /* IAPHandler.swift in Sources */,
				904A838F207067B600656770 /* Misc.swift in Sources */,
				90BD9B2C2071D4E500B566D0 /* PlaylistCVCell.swift in Sources */,
				904A8380207067B600656770 /* AsyncImageView.swift in Sources */,
				904A8386207067B600656770 /* DesignableTabBarController.swift in Sources */,
				904A8381207067B600656770 /* AutoTextView.swift in Sources */,
				904A839B207067B600656770 /* UnwindSegue.swift in Sources */,
				904A8398207067B600656770 /* SpringView.swift in Sources */,
				904A8395207067B600656770 /* SpringLabel.swift in Sources */,
				90F334A42071868A00835F2E /* DataService.swift in Sources */,
				90F3B62C206B1712009CC4E2 /* Track.swift in Sources */,
				904A838C207067B600656770 /* KeyboardLayoutConstraint.swift in Sources */,
				904A837F207067B600656770 /* AsyncButton.swift in Sources */,
				904A838A207067B600656770 /* ImageLoader.swift in Sources */,
				904A8391207067B600656770 /* Spring.swift in Sources */,
				904A8399207067B600656770 /* TransitionManager.swift in Sources */,
				904A8383207067B600656770 /* DesignableButton.swift in Sources */,
				904A8382207067B600656770 /* BlurView.swift in Sources */,
				90B5F38C206A934F00CD065E /* AppDelegate.swift in Sources */,
				90B5F3A1206ABCC500CD065E /* TrackCell.swift in Sources */,
				904A8385207067B600656770 /* DesignableLabel.swift in Sources */,
				904A8392207067B600656770 /* SpringAnimation.swift in Sources */,
				90B5F3A4206AC2E400CD065E /* Constants.swift in Sources */,
				904A838D207067B600656770 /* LoadingView.swift in Sources */,
				904A8394207067B600656770 /* SpringImageView.swift in Sources */,
			);
			runOnlyForDeploymentPostprocessing = 0;
		};
/* End PBXSourcesBuildPhase section */

/* Begin PBXVariantGroup section */
		90B5F38F206A934F00CD065E /* Main.storyboard */ = {
			isa = PBXVariantGroup;
			children = (
				90B5F390206A934F00CD065E /* Base */,
			);
			name = Main.storyboard;
			sourceTree = "<group>";
		};
		90B5F394206A936000CD065E /* LaunchScreen.storyboard */ = {
			isa = PBXVariantGroup;
			children = (
				90B5F395206A936000CD065E /* Base */,
			);
			name = LaunchScreen.storyboard;
			sourceTree = "<group>";
		};
/* End PBXVariantGroup section */

/* Begin XCBuildConfiguration section */
		90B5F398206A936000CD065E /* Debug */ = {
			isa = XCBuildConfiguration;
			buildSettings = {
				ALWAYS_SEARCH_USER_PATHS = NO;
				CLANG_ANALYZER_NONNULL = YES;
				CLANG_ANALYZER_NUMBER_OBJECT_CONVERSION = YES_AGGRESSIVE;
				CLANG_CXX_LANGUAGE_STANDARD = "gnu++14";
				CLANG_CXX_LIBRARY = "libc++";
				CLANG_ENABLE_MODULES = YES;
				CLANG_ENABLE_OBJC_ARC = YES;
				CLANG_ENABLE_OBJC_WEAK = YES;
				CLANG_WARN_BLOCK_CAPTURE_AUTORELEASING = YES;
				CLANG_WARN_BOOL_CONVERSION = YES;
				CLANG_WARN_COMMA = YES;
				CLANG_WARN_CONSTANT_CONVERSION = YES;
				CLANG_WARN_DEPRECATED_OBJC_IMPLEMENTATIONS = YES;
				CLANG_WARN_DIRECT_OBJC_ISA_USAGE = YES_ERROR;
				CLANG_WARN_DOCUMENTATION_COMMENTS = YES;
				CLANG_WARN_EMPTY_BODY = YES;
				CLANG_WARN_ENUM_CONVERSION = YES;
				CLANG_WARN_INFINITE_RECURSION = YES;
				CLANG_WARN_INT_CONVERSION = YES;
				CLANG_WARN_NON_LITERAL_NULL_CONVERSION = YES;
				CLANG_WARN_OBJC_IMPLICIT_RETAIN_SELF = YES;
				CLANG_WARN_OBJC_LITERAL_CONVERSION = YES;
				CLANG_WARN_OBJC_ROOT_CLASS = YES_ERROR;
				CLANG_WARN_RANGE_LOOP_ANALYSIS = YES;
				CLANG_WARN_STRICT_PROTOTYPES = YES;
				CLANG_WARN_SUSPICIOUS_MOVE = YES;
				CLANG_WARN_UNGUARDED_AVAILABILITY = YES_AGGRESSIVE;
				CLANG_WARN_UNREACHABLE_CODE = YES;
				CLANG_WARN__DUPLICATE_METHOD_MATCH = YES;
				CODE_SIGN_IDENTITY = "iPhone Developer";
				COPY_PHASE_STRIP = NO;
				DEBUG_INFORMATION_FORMAT = dwarf;
				ENABLE_STRICT_OBJC_MSGSEND = YES;
				ENABLE_TESTABILITY = YES;
				GCC_C_LANGUAGE_STANDARD = gnu11;
				GCC_DYNAMIC_NO_PIC = NO;
				GCC_NO_COMMON_BLOCKS = YES;
				GCC_OPTIMIZATION_LEVEL = 0;
				GCC_PREPROCESSOR_DEFINITIONS = (
					"DEBUG=1",
					"$(inherited)",
				);
				GCC_WARN_64_TO_32_BIT_CONVERSION = YES;
				GCC_WARN_ABOUT_RETURN_TYPE = YES_ERROR;
				GCC_WARN_UNDECLARED_SELECTOR = YES;
				GCC_WARN_UNINITIALIZED_AUTOS = YES_AGGRESSIVE;
				GCC_WARN_UNUSED_FUNCTION = YES;
				GCC_WARN_UNUSED_VARIABLE = YES;
				IPHONEOS_DEPLOYMENT_TARGET = 11.3;
				MTL_ENABLE_DEBUG_INFO = YES;
				ONLY_ACTIVE_ARCH = YES;
				SDKROOT = iphoneos;
				SWIFT_ACTIVE_COMPILATION_CONDITIONS = DEBUG;
				SWIFT_OPTIMIZATION_LEVEL = "-Onone";
			};
			name = Debug;
		};
		90B5F399206A936000CD065E /* Release */ = {
			isa = XCBuildConfiguration;
			buildSettings = {
				ALWAYS_SEARCH_USER_PATHS = NO;
				CLANG_ANALYZER_NONNULL = YES;
				CLANG_ANALYZER_NUMBER_OBJECT_CONVERSION = YES_AGGRESSIVE;
				CLANG_CXX_LANGUAGE_STANDARD = "gnu++14";
				CLANG_CXX_LIBRARY = "libc++";
				CLANG_ENABLE_MODULES = YES;
				CLANG_ENABLE_OBJC_ARC = YES;
				CLANG_ENABLE_OBJC_WEAK = YES;
				CLANG_WARN_BLOCK_CAPTURE_AUTORELEASING = YES;
				CLANG_WARN_BOOL_CONVERSION = YES;
				CLANG_WARN_COMMA = YES;
				CLANG_WARN_CONSTANT_CONVERSION = YES;
				CLANG_WARN_DEPRECATED_OBJC_IMPLEMENTATIONS = YES;
				CLANG_WARN_DIRECT_OBJC_ISA_USAGE = YES_ERROR;
				CLANG_WARN_DOCUMENTATION_COMMENTS = YES;
				CLANG_WARN_EMPTY_BODY = YES;
				CLANG_WARN_ENUM_CONVERSION = YES;
				CLANG_WARN_INFINITE_RECURSION = YES;
				CLANG_WARN_INT_CONVERSION = YES;
				CLANG_WARN_NON_LITERAL_NULL_CONVERSION = YES;
				CLANG_WARN_OBJC_IMPLICIT_RETAIN_SELF = YES;
				CLANG_WARN_OBJC_LITERAL_CONVERSION = YES;
				CLANG_WARN_OBJC_ROOT_CLASS = YES_ERROR;
				CLANG_WARN_RANGE_LOOP_ANALYSIS = YES;
				CLANG_WARN_STRICT_PROTOTYPES = YES;
				CLANG_WARN_SUSPICIOUS_MOVE = YES;
				CLANG_WARN_UNGUARDED_AVAILABILITY = YES_AGGRESSIVE;
				CLANG_WARN_UNREACHABLE_CODE = YES;
				CLANG_WARN__DUPLICATE_METHOD_MATCH = YES;
				CODE_SIGN_IDENTITY = "iPhone Developer";
				COPY_PHASE_STRIP = NO;
				DEBUG_INFORMATION_FORMAT = "dwarf-with-dsym";
				ENABLE_NS_ASSERTIONS = NO;
				ENABLE_STRICT_OBJC_MSGSEND = YES;
				GCC_C_LANGUAGE_STANDARD = gnu11;
				GCC_NO_COMMON_BLOCKS = YES;
				GCC_WARN_64_TO_32_BIT_CONVERSION = YES;
				GCC_WARN_ABOUT_RETURN_TYPE = YES_ERROR;
				GCC_WARN_UNDECLARED_SELECTOR = YES;
				GCC_WARN_UNINITIALIZED_AUTOS = YES_AGGRESSIVE;
				GCC_WARN_UNUSED_FUNCTION = YES;
				GCC_WARN_UNUSED_VARIABLE = YES;
				IPHONEOS_DEPLOYMENT_TARGET = 11.3;
				MTL_ENABLE_DEBUG_INFO = NO;
				SDKROOT = iphoneos;
				SWIFT_COMPILATION_MODE = wholemodule;
				SWIFT_OPTIMIZATION_LEVEL = "-O";
				VALIDATE_PRODUCT = YES;
			};
			name = Release;
		};
		90B5F39B206A936000CD065E /* Debug */ = {
			isa = XCBuildConfiguration;
			buildSettings = {
				ASSETCATALOG_COMPILER_APPICON_NAME = AppIcon;
				CODE_SIGN_STYLE = Automatic;
				DEVELOPMENT_TEAM = WZ7Q2M29G8;
				INFOPLIST_FILE = StreamApp/Info.plist;
				LD_RUNPATH_SEARCH_PATHS = (
					"$(inherited)",
					"@executable_path/Frameworks",
				);
				PRODUCT_BUNDLE_IDENTIFIER = com.saloufapps.StreamApp;
				PRODUCT_NAME = "$(TARGET_NAME)";
				SWIFT_VERSION = 4.0;
				TARGETED_DEVICE_FAMILY = "1,2";
			};
			name = Debug;
		};
		90B5F39C206A936000CD065E /* Release */ = {
			isa = XCBuildConfiguration;
			buildSettings = {
				ASSETCATALOG_COMPILER_APPICON_NAME = AppIcon;
				CODE_SIGN_STYLE = Automatic;
				DEVELOPMENT_TEAM = WZ7Q2M29G8;
				INFOPLIST_FILE = StreamApp/Info.plist;
				LD_RUNPATH_SEARCH_PATHS = (
					"$(inherited)",
					"@executable_path/Frameworks",
				);
				PRODUCT_BUNDLE_IDENTIFIER = com.saloufapps.StreamApp;
				PRODUCT_NAME = "$(TARGET_NAME)";
				SWIFT_VERSION = 4.0;
				TARGETED_DEVICE_FAMILY = "1,2";
			};
			name = Release;
		};
/* End XCBuildConfiguration section */

/* Begin XCConfigurationList section */
		90B5F383206A934E00CD065E /* Build configuration list for PBXProject "StreamApp" */ = {
			isa = XCConfigurationList;
			buildConfigurations = (
				90B5F398206A936000CD065E /* Debug */,
				90B5F399206A936000CD065E /* Release */,
			);
			defaultConfigurationIsVisible = 0;
			defaultConfigurationName = Release;
		};
		90B5F39A206A936000CD065E /* Build configuration list for PBXNativeTarget "StreamApp" */ = {
			isa = XCConfigurationList;
			buildConfigurations = (
				90B5F39B206A936000CD065E /* Debug */,
				90B5F39C206A936000CD065E /* Release */,
			);
			defaultConfigurationIsVisible = 0;
			defaultConfigurationName = Release;
		};
/* End XCConfigurationList section */

/* Begin XCVersionGroup section */
		90D85C44206C88BA0097E018 /* model.xcdatamodeld */ = {
			isa = XCVersionGroup;
			children = (
				90D85C45206C88BA0097E018 /* goalpost_app.xcdatamodel */,
			);
			currentVersion = 90D85C45206C88BA0097E018 /* goalpost_app.xcdatamodel */;
			path = model.xcdatamodeld;
			sourceTree = "<group>";
			versionGroupType = wrapper.xcdatamodel;
		};
/* End XCVersionGroup section */
	};
	rootObject = 90B5F380206A934E00CD065E /* Project object */;
}
